
Microsoft Visual Studio Solution File, Format Version 12.00
# Visual Studio 15
VisualStudioVersion = 15.0.27130.0
MinimumVisualStudioVersion = 10.0.40219.1
Project("{9A19103F-16F7-4668-BE54-9A1E7A4F7556}") = "CoreCourse.StateMgmt.Web", "CoreCourse.StateMgmt.Web\CoreCourse.StateMgmt.Web.csproj", "{16E10615-8221-44B8-9FD0-E02487A55769}"
EndProject
Global
	GlobalSection(SolutionConfigurationPlatforms) = preSolution
		Debug|Any CPU = Debug|Any CPU
		Release|Any CPU = Release|Any CPU
	EndGlobalSection
	GlobalSection(ProjectConfigurationPlatforms) = postSolution
		{16E10615-8221-44B8-9FD0-E02487A55769}.Debug|Any CPU.ActiveCfg = Debug|Any CPU
		{16E10615-8221-44B8-9FD0-E02487A55769}.Debug|Any CPU.Build.0 = Debug|Any CPU
		{16E10615-8221-44B8-9FD0-E02487A55769}.Release|Any CPU.ActiveCfg = Release|Any CPU
		{16E10615-8221-44B8-9FD0-E02487A55769}.Release|Any CPU.Build.0 = Release|Any CPU
	EndGlobalSection
	GlobalSection(SolutionProperties) = preSolution
		HideSolutionNode = FALSE
	EndGlobalSection
	GlobalSection(ExtensibilityGlobals) = postSolution
		SolutionGuid = {11711C6F-FC60-4988-BC77-1B46DBCE7C27}
	EndGlobalSection
EndGlobal
